
Microsoft Visual Studio Solution File, Format Version 12.00
# Visual Studio Version 16
VisualStudioVersion = 16.0.29519.87
MinimumVisualStudioVersion = 10.0.40219.1
Project("{FAE04EC0-301F-11D3-BF4B-00C04F79EFBC}") = "DiceCalculatorTools", "DiceCalculatorTools\DiceCalculatorTools.csproj", "{ADC36B50-D730-4A99-B6CA-3D01BBFF5207}"
EndProject
Global
	GlobalSection(SolutionConfigurationPlatforms) = preSolution
		Debug|Any CPU = Debug|Any CPU
		Release|Any CPU = Release|Any CPU
	EndGlobalSection
	GlobalSection(ProjectConfigurationPlatforms) = postSolution
		{ADC36B50-D730-4A99-B6CA-3D01BBFF5207}.Debug|Any CPU.ActiveCfg = Debug|Any CPU
		{ADC36B50-D730-4A99-B6CA-3D01BBFF5207}.Debug|Any CPU.Build.0 = Debug|Any CPU
		{ADC36B50-D730-4A99-B6CA-3D01BBFF5207}.Release|Any CPU.ActiveCfg = Release|Any CPU
		{ADC36B50-D730-4A99-B6CA-3D01BBFF5207}.Release|Any CPU.Build.0 = Release|Any CPU
	EndGlobalSection
	GlobalSection(SolutionProperties) = preSolution
		HideSolutionNode = FALSE
	EndGlobalSection
	GlobalSection(ExtensibilityGlobals) = postSolution
		SolutionGuid = {9A6B6279-43A3-4A7F-8C5A-7B68975C8698}
	EndGlobalSection
EndGlobal
